
Microsoft Visual Studio Solution File, Format Version 12.00
# Visual Studio Version 17
VisualStudioVersion = 17.1.31911.260
MinimumVisualStudioVersion = 10.0.40219.1
Project("{FAE04EC0-301F-11D3-BF4B-00C04F79EFBC}") = "test-JobSender-15180", "test-JobSender-15180\test-JobSender-15180.csproj", "{81F9C970-5F13-4D3F-9634-41CAA1F77C8F}"
EndProject
Global
	GlobalSection(SolutionConfigurationPlatforms) = preSolution
		Debug|Any CPU = Debug|Any CPU
		Release|Any CPU = Release|Any CPU
	EndGlobalSection
	GlobalSection(ProjectConfigurationPlatforms) = postSolution
		{81F9C970-5F13-4D3F-9634-41CAA1F77C8F}.Debug|Any CPU.ActiveCfg = Debug|Any CPU
		{81F9C970-5F13-4D3F-9634-41CAA1F77C8F}.Debug|Any CPU.Build.0 = Debug|Any CPU
		{81F9C970-5F13-4D3F-9634-41CAA1F77C8F}.Release|Any CPU.ActiveCfg = Release|Any CPU
		{81F9C970-5F13-4D3F-9634-41CAA1F77C8F}.Release|Any CPU.Build.0 = Release|Any CPU
	EndGlobalSection
	GlobalSection(SolutionProperties) = preSolution
		HideSolutionNode = FALSE
	EndGlobalSection
	GlobalSection(ExtensibilityGlobals) = postSolution
		SolutionGuid = {F77D6EE2-787D-45D0-BA34-62A791137636}
	EndGlobalSection
EndGlobal
